
Microsoft Visual Studio Solution File, Format Version 12.00
# Visual Studio Version 17
VisualStudioVersion = 17.5.33516.290
MinimumVisualStudioVersion = 10.0.40219.1
Project("{FAE04EC0-301F-11D3-BF4B-00C04F79EFBC}") = "9_for_foreach", "9_for_foreach\9_for_foreach.csproj", "{4D9E0738-7574-4AD0-96FB-8CC1D53E5AF9}"
EndProject
Global
	GlobalSection(SolutionConfigurationPlatforms) = preSolution
		Debug|Any CPU = Debug|Any CPU
		Release|Any CPU = Release|Any CPU
	EndGlobalSection
	GlobalSection(ProjectConfigurationPlatforms) = postSolution
		{4D9E0738-7574-4AD0-96FB-8CC1D53E5AF9}.Debug|Any CPU.ActiveCfg = Debug|Any CPU
		{4D9E0738-7574-4AD0-96FB-8CC1D53E5AF9}.Debug|Any CPU.Build.0 = Debug|Any CPU
		{4D9E0738-7574-4AD0-96FB-8CC1D53E5AF9}.Release|Any CPU.ActiveCfg = Release|Any CPU
		{4D9E0738-7574-4AD0-96FB-8CC1D53E5AF9}.Release|Any CPU.Build.0 = Release|Any CPU
	EndGlobalSection
	GlobalSection(SolutionProperties) = preSolution
		HideSolutionNode = FALSE
	EndGlobalSection
	GlobalSection(ExtensibilityGlobals) = postSolution
		SolutionGuid = {1D232D29-16AD-48AB-93F5-07D00EF70FC9}
	EndGlobalSection
EndGlobal
