
Microsoft Visual Studio Solution File, Format Version 12.00
# Visual Studio Version 17
VisualStudioVersion = 17.5.33516.290
MinimumVisualStudioVersion = 10.0.40219.1
Project("{FAE04EC0-301F-11D3-BF4B-00C04F79EFBC}") = "DB&ProcedureProject", "DB&ProcedureProject\DB&ProcedureProject.csproj", "{C7426F8A-4493-441D-857F-02AB39306CB5}"
EndProject
Global
	GlobalSection(SolutionConfigurationPlatforms) = preSolution
		Debug|Any CPU = Debug|Any CPU
		Release|Any CPU = Release|Any CPU
	EndGlobalSection
	GlobalSection(ProjectConfigurationPlatforms) = postSolution
		{C7426F8A-4493-441D-857F-02AB39306CB5}.Debug|Any CPU.ActiveCfg = Debug|Any CPU
		{C7426F8A-4493-441D-857F-02AB39306CB5}.Debug|Any CPU.Build.0 = Debug|Any CPU
		{C7426F8A-4493-441D-857F-02AB39306CB5}.Release|Any CPU.ActiveCfg = Release|Any CPU
		{C7426F8A-4493-441D-857F-02AB39306CB5}.Release|Any CPU.Build.0 = Release|Any CPU
	EndGlobalSection
	GlobalSection(SolutionProperties) = preSolution
		HideSolutionNode = FALSE
	EndGlobalSection
	GlobalSection(ExtensibilityGlobals) = postSolution
		SolutionGuid = {7F3E458E-B5C3-4623-865D-237DF2557349}
	EndGlobalSection
EndGlobal
