
Microsoft Visual Studio Solution File, Format Version 12.00
# Visual Studio Version 17
VisualStudioVersion = 17.5.33516.290
MinimumVisualStudioVersion = 10.0.40219.1
Project("{FAE04EC0-301F-11D3-BF4B-00C04F79EFBC}") = "Struct_Class", "Struct_Class\Struct_Class.csproj", "{3FDF1C8F-CCA1-47BF-A141-FDA414510D34}"
EndProject
Global
	GlobalSection(SolutionConfigurationPlatforms) = preSolution
		Debug|Any CPU = Debug|Any CPU
		Release|Any CPU = Release|Any CPU
	EndGlobalSection
	GlobalSection(ProjectConfigurationPlatforms) = postSolution
		{3FDF1C8F-CCA1-47BF-A141-FDA414510D34}.Debug|Any CPU.ActiveCfg = Debug|Any CPU
		{3FDF1C8F-CCA1-47BF-A141-FDA414510D34}.Debug|Any CPU.Build.0 = Debug|Any CPU
		{3FDF1C8F-CCA1-47BF-A141-FDA414510D34}.Release|Any CPU.ActiveCfg = Release|Any CPU
		{3FDF1C8F-CCA1-47BF-A141-FDA414510D34}.Release|Any CPU.Build.0 = Release|Any CPU
	EndGlobalSection
	GlobalSection(SolutionProperties) = preSolution
		HideSolutionNode = FALSE
	EndGlobalSection
	GlobalSection(ExtensibilityGlobals) = postSolution
		SolutionGuid = {436AFE38-CF86-452F-9E5A-69EBF203BAC5}
	EndGlobalSection
EndGlobal
