
Microsoft Visual Studio Solution File, Format Version 12.00
# Visual Studio Version 17
VisualStudioVersion = 17.5.33516.290
MinimumVisualStudioVersion = 10.0.40219.1
Project("{FAE04EC0-301F-11D3-BF4B-00C04F79EFBC}") = "StreamReader_Write", "StreamReader_Write\StreamReader_Write.csproj", "{D20C9212-4C64-4479-806E-8B11CF9FCE24}"
EndProject
Global
	GlobalSection(SolutionConfigurationPlatforms) = preSolution
		Debug|Any CPU = Debug|Any CPU
		Release|Any CPU = Release|Any CPU
	EndGlobalSection
	GlobalSection(ProjectConfigurationPlatforms) = postSolution
		{D20C9212-4C64-4479-806E-8B11CF9FCE24}.Debug|Any CPU.ActiveCfg = Debug|Any CPU
		{D20C9212-4C64-4479-806E-8B11CF9FCE24}.Debug|Any CPU.Build.0 = Debug|Any CPU
		{D20C9212-4C64-4479-806E-8B11CF9FCE24}.Release|Any CPU.ActiveCfg = Release|Any CPU
		{D20C9212-4C64-4479-806E-8B11CF9FCE24}.Release|Any CPU.Build.0 = Release|Any CPU
	EndGlobalSection
	GlobalSection(SolutionProperties) = preSolution
		HideSolutionNode = FALSE
	EndGlobalSection
	GlobalSection(ExtensibilityGlobals) = postSolution
		SolutionGuid = {6DF2F304-1758-4AB6-A272-B31554ED3D9E}
	EndGlobalSection
EndGlobal
