
Microsoft Visual Studio Solution File, Format Version 12.00
# Visual Studio Version 17
VisualStudioVersion = 17.5.33516.290
MinimumVisualStudioVersion = 10.0.40219.1
Project("{FAE04EC0-301F-11D3-BF4B-00C04F79EFBC}") = "WinFormDbTest", "WinFormDbTest\WinFormDbTest.csproj", "{5155DA4D-9D3E-4357-9C3F-09B13035F67F}"
EndProject
Global
	GlobalSection(SolutionConfigurationPlatforms) = preSolution
		Debug|Any CPU = Debug|Any CPU
		Release|Any CPU = Release|Any CPU
	EndGlobalSection
	GlobalSection(ProjectConfigurationPlatforms) = postSolution
		{5155DA4D-9D3E-4357-9C3F-09B13035F67F}.Debug|Any CPU.ActiveCfg = Debug|Any CPU
		{5155DA4D-9D3E-4357-9C3F-09B13035F67F}.Debug|Any CPU.Build.0 = Debug|Any CPU
		{5155DA4D-9D3E-4357-9C3F-09B13035F67F}.Release|Any CPU.ActiveCfg = Release|Any CPU
		{5155DA4D-9D3E-4357-9C3F-09B13035F67F}.Release|Any CPU.Build.0 = Release|Any CPU
	EndGlobalSection
	GlobalSection(SolutionProperties) = preSolution
		HideSolutionNode = FALSE
	EndGlobalSection
	GlobalSection(ExtensibilityGlobals) = postSolution
		SolutionGuid = {7295C1F5-FFFD-414E-87A2-AF575513596B}
	EndGlobalSection
EndGlobal
